
Microsoft Visual Studio Solution File, Format Version 12.00
# Visual Studio 14
VisualStudioVersion = 14.0.25420.1
MinimumVisualStudioVersion = 10.0.40219.1
Project("{FAE04EC0-301F-11D3-BF4B-00C04F79EFBC}") = "任务Bug分析器", "任务Bug分析器\任务Bug分析器.csproj", "{5152AB10-4DA6-4F8A-95E1-DBC9E83D8524}"
EndProject
Project("{FAE04EC0-301F-11D3-BF4B-00C04F79EFBC}") = "bug解决器", "bug解决器\bug解决器.csproj", "{03B6BF9C-4E1A-405E-85FC-427F40705CF9}"
EndProject
Global
	GlobalSection(SolutionConfigurationPlatforms) = preSolution
		Debug|Any CPU = Debug|Any CPU
		Release|Any CPU = Release|Any CPU
	EndGlobalSection
	GlobalSection(ProjectConfigurationPlatforms) = postSolution
		{5152AB10-4DA6-4F8A-95E1-DBC9E83D8524}.Debug|Any CPU.ActiveCfg = Debug|Any CPU
		{5152AB10-4DA6-4F8A-95E1-DBC9E83D8524}.Debug|Any CPU.Build.0 = Debug|Any CPU
		{5152AB10-4DA6-4F8A-95E1-DBC9E83D8524}.Release|Any CPU.ActiveCfg = Release|Any CPU
		{5152AB10-4DA6-4F8A-95E1-DBC9E83D8524}.Release|Any CPU.Build.0 = Release|Any CPU
		{03B6BF9C-4E1A-405E-85FC-427F40705CF9}.Debug|Any CPU.ActiveCfg = Debug|Any CPU
		{03B6BF9C-4E1A-405E-85FC-427F40705CF9}.Debug|Any CPU.Build.0 = Debug|Any CPU
		{03B6BF9C-4E1A-405E-85FC-427F40705CF9}.Release|Any CPU.ActiveCfg = Release|Any CPU
		{03B6BF9C-4E1A-405E-85FC-427F40705CF9}.Release|Any CPU.Build.0 = Release|Any CPU
	EndGlobalSection
	GlobalSection(SolutionProperties) = preSolution
		HideSolutionNode = FALSE
	EndGlobalSection
EndGlobal
